# This file is automatically @generated by Poetry 1.8.3 and should not be changed by hand.

[[package]]
name = "click"
version = "8.1.7"
description = "Composable command line interface toolkit"
optional = false
python-versions = ">=3.7"
files = [
    {file = "click-8.1.7-py3-none-any.whl", hash = "sha256:ae74fb96c20a0277a1d615f1e4d73c8414f5a98db8b799a7931d1582f3390c28"},
    {file = "click-8.1.7.tar.gz", hash = "sha256:ca9853ad459e787e2192211578cc907e7594e294c7ccc834310722b41b9ca6de"},
]

[package.dependencies]
colorama = {version = "*", markers = "platform_system == \"Windows\""}

[[package]]
name = "colorama"
version = "0.4.6"
description = "Cross-platform colored terminal text."
optional = false
python-versions = "!=3.0.*,!=3.1.*,!=3.2.*,!=3.3.*,!=3.4.*,!=3.5.*,!=3.6.*,>=2.7"
files = [
    {file = "colorama-0.4.6-py2.py3-none-any.whl", hash = "sha256:4f1d9991f5acc0ca119f9d443620b77f9d6b33703e51011c16baf57afb285fc6"},
    {file = "colorama-0.4.6.tar.gz", hash = "sha256:08695f5cb7ed6e0531a20572697297273c47b8cae5a63ffc6d6ed5c201be6e44"},
]

[[package]]
name = "iniconfig"
version = "2.0.0"
description = "brain-dead simple config-ini parsing"
optional = false
python-versions = ">=3.7"
files = [
    {file = "iniconfig-2.0.0-py3-none-any.whl", hash = "sha256:b6a85871a79d2e3b22d2d1b94ac2824226a63c6b741c88f7ae975f18b6778374"},
    {file = "iniconfig-2.0.0.tar.gz", hash = "sha256:2d91e135bf72d31a410b17c16da610a82cb55f6b0477d1a902134b24a455b8b3"},
]

[[package]]
name = "packaging"
version = "24.1"
description = "Core utilities for Python packages"
optional = false
python-versions = ">=3.8"
files = [
    {file = "packaging-24.1-py3-none-any.whl", hash = "sha256:5b8f2217dbdbd2f7f384c41c628544e6d52f2d0f53c6d0c3ea61aa5d1d7ff124"},
    {file = "packaging-24.1.tar.gz", hash = "sha256:026ed72c8ed3fcce5bf8950572258698927fd1dbda10a5e981cdf0ac37f4f002"},
]

[[package]]
name = "pluggy"
version = "1.5.0"
description = "plugin and hook calling mechanisms for python"
optional = false
python-versions = ">=3.8"
files = [
    {file = "pluggy-1.5.0-py3-none-any.whl", hash = "sha256:44e1ad92c8ca002de6377e165f3e0f1be63266ab4d554740532335b9d75ea669"},
    {file = "pluggy-1.5.0.tar.gz", hash = "sha256:2cffa88e94fdc978c4c574f15f9e59b7f4201d439195c3715ca9e2486f1d0cf1"},
]

[package.extras]
dev = ["pre-commit", "tox"]
testing = ["pytest", "pytest-benchmark"]

[[package]]
name = "pyjson5"
version = "1.6.7"
description = "JSON5 serializer and parser for Python 3 written in Cython."
optional = false
python-versions = "~=3.5"
files = [
    {file = "pyjson5-1.6.7-cp310-cp310-macosx_10_9_universal2.whl", hash = "sha256:4f29565f91776a0a3b6c77fd6d7fef634491a009dea81d37cab90b9713ff5c7d"},
    {file = "pyjson5-1.6.7-cp310-cp310-macosx_10_9_x86_64.whl", hash = "sha256:07d150dd6e500da9462f5da3a2f5f63297960343e8d33814cbbe835a34fe8057"},
    {file = "pyjson5-1.6.7-cp310-cp310-macosx_11_0_arm64.whl", hash = "sha256:4f07704a79895ba06f64e39cbd0f86a84390ba57e714ea6180661dfd339761e3"},
    {file = "pyjson5-1.6.7-cp310-cp310-manylinux_2_17_aarch64.manylinux2014_aarch64.whl", hash = "sha256:fa4ac0278b0f261042f67cb163c080526a06a4a0ebba87a6558aeb309d438136"},
    {file = "pyjson5-1.6.7-cp310-cp310-manylinux_2_17_ppc64le.manylinux2014_ppc64le.whl", hash = "sha256:3360d95cb90e23ae9e4b1642f089b534921e19ae69e731dd41844e118cac06a3"},
    {file = "pyjson5-1.6.7-cp310-cp310-manylinux_2_17_s390x.manylinux2014_s390x.whl", hash = "sha256:7658482d2440026b67931f80d038ed0b3efbbb57e204eeea05072b2d55bc6c98"},
    {file = "pyjson5-1.6.7-cp310-cp310-manylinux_2_17_x86_64.manylinux2014_x86_64.whl", hash = "sha256:640c570dcaa911eb66c33716ba5fa1e8b797fbaabd4dce5bf3affd62a3060a3e"},
    {file = "pyjson5-1.6.7-cp310-cp310-manylinux_2_5_i686.manylinux1_i686.manylinux_2_17_i686.manylinux2014_i686.whl", hash = "sha256:0fd49000b42e97392006f229fe81c241111e6751a466a51e722f3562f36c55d0"},
    {file = "pyjson5-1.6.7-cp310-cp310-musllinux_1_2_aarch64.whl", hash = "sha256:84ee73ea6897c04c3cb97f87bd9cfc5cb17e8ae63ad4468edb8456bddb68a9b6"},
    {file = "pyjson5-1.6.7-cp310-cp310-musllinux_1_2_armv7l.whl", hash = "sha256:5e7c1f6de89647e38f2dc4898a9c79168f6979e337ced7392c7fc86c139fa438"},
    {file = "pyjson5-1.6.7-cp310-cp310-musllinux_1_2_i686.whl", hash = "sha256:15389c80e3a111809e6240becc665f455c197d907fc16cf25a2ae235ca0d94d6"},
    {file = "pyjson5-1.6.7-cp310-cp310-musllinux_1_2_ppc64le.whl", hash = "sha256:25a3b04182e5f4d13538f53d442073e46b10da563e0fd8fcef4e890521624dec"},
    {file = "pyjson5-1.6.7-cp310-cp310-musllinux_1_2_s390x.whl", hash = "sha256:ff71bc57accc2d493fa9f6ba96373069319d37c6ac0fbf909823af4c82bce7c1"},
    {file = "pyjson5-1.6.7-cp310-cp310-musllinux_1_2_x86_64.whl", hash = "sha256:d2f1fb38520188ed60a7e9cb7f2829bf4f56a22f24af336f03e9d13e0c83d5eb"},
    {file = "pyjson5-1.6.7-cp310-cp310-win32.whl", hash = "sha256:98a9b5b08e7480b8b55c99760a7bfecac0fbe1cf6b41ce106dca1ee79eab68c3"},
    {file = "pyjson5-1.6.7-cp310-cp310-win_amd64.whl", hash = "sha256:f182ac4fc5bd222a9e1bc9dfda67413391514c296bcffcd1f227a7d7d8975086"},
    {file = "pyjson5-1.6.7-cp310-cp310-win_arm64.whl", hash = "sha256:e7670eb9d41ca8c2809e0d1e275635e813763e5062a614f5b994231d6a738fe0"},
    {file = "pyjson5-1.6.7-cp311-cp311-macosx_10_9_universal2.whl", hash = "sha256:19c9a7b9c579279803069dc1f6f459e7332b9bf993af0b589cffc5cd6eb19038"},
    {file = "pyjson5-1.6.7-cp311-cp311-macosx_10_9_x86_64.whl", hash = "sha256:dbf64a6365615a30fb3e0d3cdfff279d9f6a7fcc536786c21b6e5177702e43bb"},
    {file = "pyjson5-1.6.7-cp311-cp311-macosx_11_0_arm64.whl", hash = "sha256:c14459c2ce651d55c8cdb9e381d6fb49742f0e4893a889c38f1f5611a093de7c"},
    {file = "pyjson5-1.6.7-cp311-cp311-manylinux_2_17_aarch64.manylinux2014_aarch64.whl", hash = "sha256:c4591555bdab18a7d1abdcae89fcbf302741ab5a5e1805f7f0c7a93a54104279"},
    {file = "pyjson5-1.6.7-cp311-cp311-manylinux_2_17_ppc64le.manylinux2014_ppc64le.whl", hash = "sha256:d7a8cc313673e556b509119ccacf0f8c79a237ee4b82a63ca68806bbfdc9ea0e"},
    {file = "pyjson5-1.6.7-cp311-cp311-manylinux_2_17_s390x.manylinux2014_s390x.whl", hash = "sha256:15400e00be25df69c8181e194e6a7ab749a0ee888c64859589874b263c032a1d"},
    {file = "pyjson5-1.6.7-cp311-cp311-manylinux_2_17_x86_64.manylinux2014_x86_64.whl", hash = "sha256:ea5e576cf7fb8138efc6db549b40fa484bff473f36c0ac62e9cd62e2b56d890b"},
    {file = "pyjson5-1.6.7-cp311-cp311-manylinux_2_5_i686.manylinux1_i686.manylinux_2_17_i686.manylinux2014_i686.whl", hash = "sha256:44cb96738e986468c3dbdb6060b2dd508b166d261fd61a1fe9e77ea2e450cde4"},
    {file = "pyjson5-1.6.7-cp311-cp311-musllinux_1_2_aarch64.whl", hash = "sha256:ff4e5ec580df2349aa16a72688695c2e88703c4758a9070d8c9088fea8f8236e"},
    {file = "pyjson5-1.6.7-cp311-cp311-musllinux_1_2_armv7l.whl", hash = "sha256:98c7587189c118e297267b602d98ac36a028c15d85c25153f2ab4a70d2df8c95"},
    {file = "pyjson5-1.6.7-cp311-cp311-musllinux_1_2_i686.whl", hash = "sha256:d3eca4729331dfd70ba5f660d83f4e64aaea99a815f0e5f214f832a6803a6b3e"},
    {file = "pyjson5-1.6.7-cp311-cp311-musllinux_1_2_ppc64le.whl", hash = "sha256:28259044bf81812150472128a1b444bb7e70761c10827c8d1d99c8d57f2df94e"},
    {file = "pyjson5-1.6.7-cp311-cp311-musllinux_1_2_s390x.whl", hash = "sha256:4ec65d7e509f75b229da16acba3b306b844564072e55c7d57e4703ca05bbba6b"},
    {file = "pyjson5-1.6.7-cp311-cp311-musllinux_1_2_x86_64.whl", hash = "sha256:706ad5e01bac8ed998e874cebf316b5fa16ce624c0c8ab495b602505ac8f5ac2"},
    {file = "pyjson5-1.6.7-cp311-cp311-win32.whl", hash = "sha256:cb482f419f1c5fae868c15e071073c16ebef1823e3b47bf5a936381f2eab9c1f"},
    {file = "pyjson5-1.6.7-cp311-cp311-win_amd64.whl", hash = "sha256:b8f4cc5b10ab0bf7cfe6bbcb40772f71c54d63177fd409fd7c4473f3515023e0"},
    {file = "pyjson5-1.6.7-cp311-cp311-win_arm64.whl", hash = "sha256:134c9fb6e3a16866f7ef3f8a6dfb225cf25c49aab8dcdb18b8d4fd8a0709ab34"},
    {file = "pyjson5-1.6.7-cp312-cp312-macosx_10_13_universal2.whl", hash = "sha256:48d553948b86f0a7287c901fa4feab34d29f112d3b48da888b37c9e58614ecd3"},
    {file = "pyjson5-1.6.7-cp312-cp312-macosx_10_13_x86_64.whl", hash = "sha256:698f4bbbcba1cd8aec5fbbc920245d4864ac2203ba6d3a50fcd7f5e0ecdefc6e"},
    {file = "pyjson5-1.6.7-cp312-cp312-macosx_11_0_arm64.whl", hash = "sha256:e2277d4dbb98021e78f6ba9f63727c0c41b84d2f2c118f1bfb086954aadd6ae2"},
    {file = "pyjson5-1.6.7-cp312-cp312-manylinux_2_17_aarch64.manylinux2014_aarch64.whl", hash = "sha256:c061648c96c619d3666e3433798c3359df3fe8fbcc84736849eabe65351657f8"},
    {file = "pyjson5-1.6.7-cp312-cp312-manylinux_2_17_ppc64le.manylinux2014_ppc64le.whl", hash = "sha256:d74c70c4527b7866d413ed74dbbcc29f3623d09411c1287d5f90aabe93a7b481"},
    {file = "pyjson5-1.6.7-cp312-cp312-manylinux_2_17_s390x.manylinux2014_s390x.whl", hash = "sha256:f660cd704f0ace0c34804ff2a3a1a3ed42a4a0900a44701c234e56ebe8a99485"},
    {file = "pyjson5-1.6.7-cp312-cp312-manylinux_2_17_x86_64.manylinux2014_x86_64.whl", hash = "sha256:85d2dbb80fd6e37530dd15a6aa9397d23502a6ec16754e535d132b92bbc2373c"},
    {file = "pyjson5-1.6.7-cp312-cp312-manylinux_2_5_i686.manylinux1_i686.manylinux_2_17_i686.manylinux2014_i686.whl", hash = "sha256:37dc8a731720321d07f248f79484cc3c72aabaed439b7326397f052fffabce3a"},
    {file = "pyjson5-1.6.7-cp312-cp312-musllinux_1_2_aarch64.whl", hash = "sha256:3ffeb1c61ce74675c5f476eba3b6f05922bbf2e258e6b8101457ff2c5ead1f43"},
    {file = "pyjson5-1.6.7-cp312-cp312-musllinux_1_2_armv7l.whl", hash = "sha256:e5630927c3b70c251a4640a2677f18b39c52a5a6362557a153c4b9de45d09818"},
    {file = "pyjson5-1.6.7-cp312-cp312-musllinux_1_2_i686.whl", hash = "sha256:7de9c2f9bba7955bc07fb1fd5f495e02825c96857c4503191b85bba7a9d66209"},
    {file = "pyjson5-1.6.7-cp312-cp312-musllinux_1_2_ppc64le.whl", hash = "sha256:7678bc99a1e7f8b0100fb9c8d734ed910dab554f58ea4549018dfb6a74e54587"},
    {file = "pyjson5-1.6.7-cp312-cp312-musllinux_1_2_s390x.whl", hash = "sha256:6a347bb4cd476af307abe15005e8d2c554928860bec257cb10c74322b31b6c52"},
    {file = "pyjson5-1.6.7-cp312-cp312-musllinux_1_2_x86_64.whl", hash = "sha256:b2009ebb4a32c1db8cff54b1faa50cc70078e448c9ee0522d5634173a8bdb167"},
    {file = "pyjson5-1.6.7-cp312-cp312-win32.whl", hash = "sha256:ae2cc1b29821773caf6dd35b4bf86d093ea14474e7a23e442c9c692742709d8e"},
    {file = "pyjson5-1.6.7-cp312-cp312-win_amd64.whl", hash = "sha256:75fdec45b6a06ffdea1a6c68b475437018a53ba5add34c1b0f0372c44092d2ef"},
    {file = "pyjson5-1.6.7-cp312-cp312-win_arm64.whl", hash = "sha256:623586900a013ae3f6b2c134b1867e914a78e6a20362b89597ae8650736c1171"},
    {file = "pyjson5-1.6.7-cp313-cp313-macosx_10_13_universal2.whl", hash = "sha256:a1b9972751135ffefce3dac34b3f7d3f7858ff9db5baea71722b6ef39bedcdac"},
    {file = "pyjson5-1.6.7-cp313-cp313-macosx_10_13_x86_64.whl", hash = "sha256:174980dceacb718984620c12f0740ab0015a0e89593fc77690dc32cd1361c0bd"},
    {file = "pyjson5-1.6.7-cp313-cp313-macosx_11_0_arm64.whl", hash = "sha256:3ff35c3e4b069c88a4fc7920d75a5021973b734363bc3c6dea1114e98f5d0acf"},
    {file = "pyjson5-1.6.7-cp313-cp313-manylinux_2_17_aarch64.manylinux2014_aarch64.whl", hash = "sha256:7362f068368e7da2b9106f976d7a4f8cf72f01981f755c3e02558e7dc447b590"},
    {file = "pyjson5-1.6.7-cp313-cp313-manylinux_2_17_ppc64le.manylinux2014_ppc64le.whl", hash = "sha256:dbc1e984a83d80a1589fe01d6599f56f269670ef1c38257cd54c56e986ccc877"},
    {file = "pyjson5-1.6.7-cp313-cp313-manylinux_2_17_s390x.manylinux2014_s390x.whl", hash = "sha256:60534af7f7894f238b459f9a1a24d84cd04d1f722cecccee75f7c5a44e7e6ec0"},
    {file = "pyjson5-1.6.7-cp313-cp313-manylinux_2_17_x86_64.manylinux2014_x86_64.whl", hash = "sha256:20c922b4186662df00d67662c85856f86635c023aac9d974130ad875d5d2218b"},
    {file = "pyjson5-1.6.7-cp313-cp313-manylinux_2_5_i686.manylinux1_i686.manylinux_2_17_i686.manylinux2014_i686.whl", hash = "sha256:3b55f268032463b8d97c3ef37575cb99b707405e337ba8d4ab770ddca35fd47d"},
    {file = "pyjson5-1.6.7-cp313-cp313-musllinux_1_2_aarch64.whl", hash = "sha256:d5f7bafe95acb3a12bdc776804c9ed265fde0bfbece64341ab21118e3ec4d96c"},
    {file = "pyjson5-1.6.7-cp313-cp313-musllinux_1_2_armv7l.whl", hash = "sha256:12ff7a68cea25bef100592b837b0c002e8cbc80bb0e3f1a351dbed52fc4670a0"},
    {file = "pyjson5-1.6.7-cp313-cp313-musllinux_1_2_i686.whl", hash = "sha256:1cffc3454b31dab677bd405b44bd90da2016e506d041e305670565afd041d936"},
    {file = "pyjson5-1.6.7-cp313-cp313-musllinux_1_2_ppc64le.whl", hash = "sha256:5102731b070f1b6157f0c2cec2ecf3bf6278044f9add5970e9186c846ab9fc68"},
    {file = "pyjson5-1.6.7-cp313-cp313-musllinux_1_2_s390x.whl", hash = "sha256:0923adc12795a6d35f7163a45da15bee36134e73406b9481d632bcb750aa598b"},
    {file = "pyjson5-1.6.7-cp313-cp313-musllinux_1_2_x86_64.whl", hash = "sha256:bddf838024dcfc2d84634293be740489f7b32226a4fcc60dfe00b2897b00611c"},
    {file = "pyjson5-1.6.7-cp313-cp313-win32.whl", hash = "sha256:337dbc0adc037c4b8f807a32f40bc055d53a5c33af95d04ab67c2cb1c1150a8c"},
    {file = "pyjson5-1.6.7-cp313-cp313-win_amd64.whl", hash = "sha256:2f4ebe8e379fb47b19d99d7e6beb2df4de09d4b48331bf438b5cd6164c64dd22"},
    {file = "pyjson5-1.6.7-cp313-cp313-win_arm64.whl", hash = "sha256:d83382da419f0dfede6f0bcf3648317ae76efa546bb4cad620d4bfab6c6c6ffa"},
    {file = "pyjson5-1.6.7-cp36-cp36m-macosx_10_9_x86_64.whl", hash = "sha256:7b101292f35c436a16ec0612e04a851f9d42da5c147006b8f0dc35e41b42c175"},
    {file = "pyjson5-1.6.7-cp36-cp36m-manylinux_2_17_aarch64.manylinux2014_aarch64.whl", hash = "sha256:1d7f6b24ec896eedc7acbc275bfe60d14920ae4b399d727ca0b5efac693612e7"},
    {file = "pyjson5-1.6.7-cp36-cp36m-manylinux_2_17_ppc64le.manylinux2014_ppc64le.whl", hash = "sha256:23cc50353400a781436360cd345d207d468c3fdfdf4991aabd78993b540f1e50"},
    {file = "pyjson5-1.6.7-cp36-cp36m-manylinux_2_17_s390x.manylinux2014_s390x.whl", hash = "sha256:540bdffa7a48be31f3a820680478c511b3e2459a20e6fb129e23a7e7e89f467c"},
    {file = "pyjson5-1.6.7-cp36-cp36m-manylinux_2_17_x86_64.manylinux2014_x86_64.whl", hash = "sha256:c77033bf539fbd74a1b6e5c6db2665b666430fd4a53d9a59f3355ae194da202a"},
    {file = "pyjson5-1.6.7-cp36-cp36m-manylinux_2_5_i686.manylinux1_i686.manylinux_2_17_i686.manylinux2014_i686.whl", hash = "sha256:4af59ac9c67c3f1da58abc64c06216dc29fb0870708a9d82344d0ed538d00ad2"},
    {file = "pyjson5-1.6.7-cp36-cp36m-musllinux_1_2_aarch64.whl", hash = "sha256:a37b0f2d3c782e18d9eca8d27b84ce205f9ca452d5c7068a8773b53c141a1557"},
    {file = "pyjson5-1.6.7-cp36-cp36m-musllinux_1_2_armv7l.whl", hash = "sha256:556ce69c076d8f695ead234af66c6c46c30ffc441c4cf5157c0d901e1fe420c9"},
    {file = "pyjson5-1.6.7-cp36-cp36m-musllinux_1_2_i686.whl", hash = "sha256:49b8a38905d42f376bf352d2881ab322d885d22b7cb161374fee80ddaa8d0e36"},
    {file = "pyjson5-1.6.7-cp36-cp36m-musllinux_1_2_ppc64le.whl", hash = "sha256:ec30adddc8c57c7bb066b282913a74d8f2a42e5e82e75ec9147e9d01bc3803f3"},
    {file = "pyjson5-1.6.7-cp36-cp36m-musllinux_1_2_s390x.whl", hash = "sha256:db6ce1c33f7d4a871b1ee6edeb4b29d91478cb03c4befeac6b78e33ae7dd26dc"},
    {file = "pyjson5-1.6.7-cp36-cp36m-musllinux_1_2_x86_64.whl", hash = "sha256:14b8b9742403c6e5e18b70093eacce3c98c8727e650cbeac7f90c5aaf611fb43"},
    {file = "pyjson5-1.6.7-cp36-cp36m-win32.whl", hash = "sha256:1a4ebc68fc8b002559a7a7cc67fe3357e7823280901bf86338aacc993fa87b87"},
    {file = "pyjson5-1.6.7-cp36-cp36m-win_amd64.whl", hash = "sha256:5b3874ac5f7513790430422aac709171fc4ea7c74a91ec6b22ae96d53caf4628"},
    {file = "pyjson5-1.6.7-cp37-cp37m-macosx_10_9_x86_64.whl", hash = "sha256:15fce213f84315531c1c2cc073f49cd4e0e0b7c103c2699f8741ca9e05245592"},
    {file = "pyjson5-1.6.7-cp37-cp37m-manylinux_2_17_aarch64.manylinux2014_aarch64.whl", hash = "sha256:05e4c508ebd1b51afb65c522360f7bb8df803419ae98af95d8820698f8a6b17f"},
    {file = "pyjson5-1.6.7-cp37-cp37m-manylinux_2_17_ppc64le.manylinux2014_ppc64le.whl", hash = "sha256:ca2d6f87e648a69532ba8bfda19812ceb8d23990e248c612dafbf853969a7a5c"},
    {file = "pyjson5-1.6.7-cp37-cp37m-manylinux_2_17_s390x.manylinux2014_s390x.whl", hash = "sha256:4d0cd0709312f40922b7184e3a1cd5801d7e0b8c46d59af4a9bb1521d2cfcbef"},
    {file = "pyjson5-1.6.7-cp37-cp37m-manylinux_2_17_x86_64.manylinux2014_x86_64.whl", hash = "sha256:9c37d20f0d6522d1daa98f1fac2132b1f79aaa234d09c2ff47b8984e9412220e"},
    {file = "pyjson5-1.6.7-cp37-cp37m-manylinux_2_5_i686.manylinux1_i686.manylinux_2_17_i686.manylinux2014_i686.whl", hash = "sha256:c813b39b72960fc74154f01a2de0317040fa00f1e7c54f6a4340839892dffe74"},
    {file = "pyjson5-1.6.7-cp37-cp37m-musllinux_1_2_aarch64.whl", hash = "sha256:6215191b01ce39ff1dd354a3cac1871d91efe78f9d156ca41658ead4dd73d64f"},
    {file = "pyjson5-1.6.7-cp37-cp37m-musllinux_1_2_armv7l.whl", hash = "sha256:b1e8b70847ec2f8b475b32e1010daf83b2bf2f1a0ea46da06239e87ee2cd6af3"},
    {file = "pyjson5-1.6.7-cp37-cp37m-musllinux_1_2_i686.whl", hash = "sha256:ffc518fa4a98238f8161015e5d2dc45c11a28966a26380e72c68b74fca0088a7"},
    {file = "pyjson5-1.6.7-cp37-cp37m-musllinux_1_2_ppc64le.whl", hash = "sha256:97e753d22e5b473cb5068aa50be70e0c27296a759de39424f153ae3758a12f69"},
    {file = "pyjson5-1.6.7-cp37-cp37m-musllinux_1_2_s390x.whl", hash = "sha256:add85a08c4bf280de86dde6f68518814c3c21d77aa630b3d56cca2dbe50a1c5b"},
    {file = "pyjson5-1.6.7-cp37-cp37m-musllinux_1_2_x86_64.whl", hash = "sha256:1f61d60192ae2d8d17819a7e80c0ce1794a489dc7a8cf2ffae8c178446b2bac7"},
    {file = "pyjson5-1.6.7-cp37-cp37m-win32.whl", hash = "sha256:78d962f4cbd3c157cdf802f155c4d8ff88040dbdfe72103322db14e27bda36d5"},
    {file = "pyjson5-1.6.7-cp37-cp37m-win_amd64.whl", hash = "sha256:03b8c70c393b5163d7846f2f2cf062c2b9274c062b21dc6bf1296c3e2f3e10ea"},
    {file = "pyjson5-1.6.7-cp38-cp38-macosx_10_9_universal2.whl", hash = "sha256:afad8d7ff0ee843bb4ad06f0c5f3e6df1a0a1a80c0c113dd7527bb39bc20cafe"},
    {file = "pyjson5-1.6.7-cp38-cp38-macosx_10_9_x86_64.whl", hash = "sha256:5b05e3ba65cc28c9a9fff9ce44b4809d19c4c3fef68a7d2873d5681e12649f1d"},
    {file = "pyjson5-1.6.7-cp38-cp38-macosx_11_0_arm64.whl", hash = "sha256:bca16877bf2045ad46d0afd57bd7a029c94239ef52fe42d689c04c7334c38a5f"},
    {file = "pyjson5-1.6.7-cp38-cp38-manylinux_2_17_aarch64.manylinux2014_aarch64.whl", hash = "sha256:ecda4601ecd1fae0ba9c530370df373691346b7076b9758a8c829ffe11493ee1"},
    {file = "pyjson5-1.6.7-cp38-cp38-manylinux_2_17_ppc64le.manylinux2014_ppc64le.whl", hash = "sha256:94f7328f615b34016ab4078f871a9b90c7d2d83ca4c13abbb02f9ee0f4f147f1"},
    {file = "pyjson5-1.6.7-cp38-cp38-manylinux_2_17_s390x.manylinux2014_s390x.whl", hash = "sha256:2d20c1fe591031b877c688858965c702497da679fd50fc135f7cd9b285a68281"},
    {file = "pyjson5-1.6.7-cp38-cp38-manylinux_2_17_x86_64.manylinux2014_x86_64.whl", hash = "sha256:fb9f751a6cbd31c874c8626122f2dd2522c09a1b103c8b9ff2b0db26e5a6210d"},
    {file = "pyjson5-1.6.7-cp38-cp38-manylinux_2_5_i686.manylinux1_i686.manylinux_2_17_i686.manylinux2014_i686.whl", hash = "sha256:6dfc52b5ff93d936955628a504dc07a3d14ccdc27680c9d767dc9c0340df731d"},
    {file = "pyjson5-1.6.7-cp38-cp38-musllinux_1_2_aarch64.whl", hash = "sha256:805fdec274df0f6860e6a47c807b1e4db08006ef9074cf8d6c0f420c9e329c3f"},
    {file = "pyjson5-1.6.7-cp38-cp38-musllinux_1_2_armv7l.whl", hash = "sha256:a9a4280e4cde04cbb7eff400aadc8dd9f5e24c57c6585132edf6b05118c43471"},
    {file = "pyjson5-1.6.7-cp38-cp38-musllinux_1_2_i686.whl", hash = "sha256:ff4f4f43a91d89b819b9b3273f579f2a667f38e2e354ff2fd29a3687aff9a170"},
    {file = "pyjson5-1.6.7-cp38-cp38-musllinux_1_2_ppc64le.whl", hash = "sha256:a64210441bf454b181264925250200c5258bb6f14e89fae2e2f8bbdade954e12"},
    {file = "pyjson5-1.6.7-cp38-cp38-musllinux_1_2_s390x.whl", hash = "sha256:6ae83a7104113734e0170ee0faf7e766f8c1219889e15b7f94d7feb366cfe15e"},
    {file = "pyjson5-1.6.7-cp38-cp38-musllinux_1_2_x86_64.whl", hash = "sha256:2271f57956e44bbd8a8b926800e49cce43688c4e3fcfd795665834ab43e2bc9f"},
    {file = "pyjson5-1.6.7-cp38-cp38-win32.whl", hash = "sha256:34b4392248b3ad1f6c06593fe889eee7105c653f785e58d4b953f751a92a097f"},
    {file = "pyjson5-1.6.7-cp38-cp38-win_amd64.whl", hash = "sha256:8b97527fb2fadbc950990cd21d71598004546e023ba1b708672b58314fd1497d"},
    {file = "pyjson5-1.6.7-cp39-cp39-macosx_10_9_universal2.whl", hash = "sha256:8d3a62ae234bfc5ef9839b562afa3d05f93874b057ff4980f9de38267159f672"},
    {file = "pyjson5-1.6.7-cp39-cp39-macosx_10_9_x86_64.whl", hash = "sha256:a2741900b4129ef7fcaf5d99889246add9c99c287bf369ee213e273728f18916"},
    {file = "pyjson5-1.6.7-cp39-cp39-macosx_11_0_arm64.whl", hash = "sha256:5c3cafea5426c5d1ff43df8ea91c1d72e4441266dfd6f7f3b519b5be4f4072c0"},
    {file = "pyjson5-1.6.7-cp39-cp39-manylinux_2_17_aarch64.manylinux2014_aarch64.whl", hash = "sha256:67430968dc06bc3834ccb64d26c37c70cafdef1323be1ad03899d4e6de71e535"},
    {file = "pyjson5-1.6.7-cp39-cp39-manylinux_2_17_ppc64le.manylinux2014_ppc64le.whl", hash = "sha256:aa600dcd695af4f9f63f89f1b9d2272a577ee2da2d08ee28467f141f9ec8b9e9"},
    {file = "pyjson5-1.6.7-cp39-cp39-manylinux_2_17_s390x.manylinux2014_s390x.whl", hash = "sha256:19aaa3e2d870a5fd9af6de9693ba85bb1388247bbe1de750d4b341cf815872fa"},
    {file = "pyjson5-1.6.7-cp39-cp39-manylinux_2_17_x86_64.manylinux2014_x86_64.whl", hash = "sha256:17975393e7e9f49f8ec7a3cb1a23f6f4fe608829998300b3b4ef3ddce77f9c73"},
    {file = "pyjson5-1.6.7-cp39-cp39-manylinux_2_5_i686.manylinux1_i686.manylinux_2_17_i686.manylinux2014_i686.whl", hash = "sha256:a71c5ce999a293af97f8b06de400fc95b69ddb2659c175bad299ba7bf7b6b841"},
    {file = "pyjson5-1.6.7-cp39-cp39-musllinux_1_2_aarch64.whl", hash = "sha256:13ec249a934f15ce6a06eca9313ba09c0296d6fe202f19206cdb3d84b2371d06"},
    {file = "pyjson5-1.6.7-cp39-cp39-musllinux_1_2_armv7l.whl", hash = "sha256:b4cce5fe7bccb323ac49c00d1d49adf212314e6a3ea9d37686cb91819ac2c2a6"},
    {file = "pyjson5-1.6.7-cp39-cp39-musllinux_1_2_i686.whl", hash = "sha256:741a7a8a53e055a539a23d843eb8e1ecf66ee28c4d7a0893213e2f2d4bf87fa7"},
    {file = "pyjson5-1.6.7-cp39-cp39-musllinux_1_2_ppc64le.whl", hash = "sha256:a15bf9683dab4027dcf32058b6b0afa0ce25408b848c5b04d5b428b2cb8bd528"},
    {file = "pyjson5-1.6.7-cp39-cp39-musllinux_1_2_s390x.whl", hash = "sha256:d881b44905872aedca8141af36c05ee597e7a923a02eb76f17e416c1c3352324"},
    {file = "pyjson5-1.6.7-cp39-cp39-musllinux_1_2_x86_64.whl", hash = "sha256:8bbaca9736d6e093e439ed2a96af18f58ff0dc650dc8274d82e9d7f4c70c7542"},
    {file = "pyjson5-1.6.7-cp39-cp39-win32.whl", hash = "sha256:35c19792ce5df35a934ad7193ce6c3ecc0ac2035f59d1e39e6c5bfe354c9cabc"},
    {file = "pyjson5-1.6.7-cp39-cp39-win_amd64.whl", hash = "sha256:d6ac1301067e6707ce26c0de4c9c1f83cd37322bddc730e4dab1cfb47cc0a994"},
    {file = "pyjson5-1.6.7-cp39-cp39-win_arm64.whl", hash = "sha256:5b036d953b03bbceb9052122c465f6d2a4025614284cec399d978e2217240bbd"},
    {file = "pyjson5-1.6.7.tar.gz", hash = "sha256:c1158a27c72c99eb3caa817c70a6218028e7f48fca1736db6d05852b1586ce42"},
]

[[package]]
name = "pytest"
version = "8.3.3"
description = "pytest: simple powerful testing with Python"
optional = false
python-versions = ">=3.8"
files = [
    {file = "pytest-8.3.3-py3-none-any.whl", hash = "sha256:a6853c7375b2663155079443d2e45de913a911a11d669df02a50814944db57b2"},
    {file = "pytest-8.3.3.tar.gz", hash = "sha256:70b98107bd648308a7952b06e6ca9a50bc660be218d53c257cc1fc94fda10181"},
]

[package.dependencies]
colorama = {version = "*", markers = "sys_platform == \"win32\""}
iniconfig = "*"
packaging = "*"
pluggy = ">=1.5,<2"

[package.extras]
dev = ["argcomplete", "attrs (>=19.2)", "hypothesis (>=3.56)", "mock", "pygments (>=2.7.2)", "requests", "setuptools", "xmlschema"]

[metadata]
lock-version = "2.0"
python-versions = "^3.12"
content-hash = "e71afb7e9233527e6dd152bca8480a884cfd09829ba9b3d1237aa63784f905d6"
